
Microsoft Visual Studio Solution File, Format Version 12.00
# Visual Studio Version 17
VisualStudioVersion = 17.11.35327.3
MinimumVisualStudioVersion = 10.0.40219.1
Project("{9A19103F-16F7-4668-BE54-9A1E7A4F7556}") = "API", "Admin\API\API.csproj", "{EC4C4FB4-8777-4140-8964-8B316B40C880}"
EndProject
Project("{2150E333-8FDC-42A3-9474-1A3956D46DE8}") = "Admin", "Admin", "{71982769-4E9C-42D0-8283-DC2D20F408A4}"
EndProject
Project("{2150E333-8FDC-42A3-9474-1A3956D46DE8}") = "Authentication", "Authentication", "{2CCC1F98-DD66-4F90-9352-67A8FBB703DB}"
EndProject
Project("{9A19103F-16F7-4668-BE54-9A1E7A4F7556}") = "Auth", "IdentityServer4\Auth.csproj", "{2B575417-28E4-4F39-AB13-DAA74F2EAB42}"
EndProject
Project("{2150E333-8FDC-42A3-9474-1A3956D46DE8}") = "Shared", "Shared", "{217828E7-9870-4571-8E08-A2E0E3A62812}"
EndProject
Project("{FAE04EC0-301F-11D3-BF4B-00C04F79EFBC}") = "BffAuth", "BffAuth\BffAuth.csproj", "{DE0DFE24-F22E-1C3B-FF22-57927635B28F}"
EndProject
Project("{FAE04EC0-301F-11D3-BF4B-00C04F79EFBC}") = "Auth.DataAccess", "Auth.DataAccess\Auth.DataAccess.csproj", "{3BBFCE8D-AB9E-4808-A2CF-0D753C1AE96D}"
EndProject
Project("{FAE04EC0-301F-11D3-BF4B-00C04F79EFBC}") = "Shared", "Shared\Shared.csproj", "{E205BEF7-AFFE-4199-A8BE-BB718CCC4CD8}"
EndProject
Project("{FAE04EC0-301F-11D3-BF4B-00C04F79EFBC}") = "Application", "Admin\Application\Application.csproj", "{0D6EF3C4-A844-41AD-968F-1C81C81C902E}"
EndProject
Project("{FAE04EC0-301F-11D3-BF4B-00C04F79EFBC}") = "Domain", "Admin\Domain\Domain.csproj", "{7FB39F39-4CC7-4B64-8C41-DED0B05EB853}"
EndProject
Project("{FAE04EC0-301F-11D3-BF4B-00C04F79EFBC}") = "Infrastructure", "Admin\Infrastructure\Infrastructure.csproj", "{6E6B3272-7142-40D8-B701-DD6C27BD922B}"
EndProject
Global
	GlobalSection(SolutionConfigurationPlatforms) = preSolution
		Debug|Any CPU = Debug|Any CPU
		Release|Any CPU = Release|Any CPU
	EndGlobalSection
	GlobalSection(ProjectConfigurationPlatforms) = postSolution
		{EC4C4FB4-8777-4140-8964-8B316B40C880}.Debug|Any CPU.ActiveCfg = Debug|Any CPU
		{EC4C4FB4-8777-4140-8964-8B316B40C880}.Debug|Any CPU.Build.0 = Debug|Any CPU
		{EC4C4FB4-8777-4140-8964-8B316B40C880}.Release|Any CPU.ActiveCfg = Release|Any CPU
		{EC4C4FB4-8777-4140-8964-8B316B40C880}.Release|Any CPU.Build.0 = Release|Any CPU
		{2B575417-28E4-4F39-AB13-DAA74F2EAB42}.Debug|Any CPU.ActiveCfg = Debug|Any CPU
		{2B575417-28E4-4F39-AB13-DAA74F2EAB42}.Debug|Any CPU.Build.0 = Debug|Any CPU
		{2B575417-28E4-4F39-AB13-DAA74F2EAB42}.Release|Any CPU.ActiveCfg = Release|Any CPU
		{2B575417-28E4-4F39-AB13-DAA74F2EAB42}.Release|Any CPU.Build.0 = Release|Any CPU
		{DE0DFE24-F22E-1C3B-FF22-57927635B28F}.Debug|Any CPU.ActiveCfg = Debug|Any CPU
		{DE0DFE24-F22E-1C3B-FF22-57927635B28F}.Debug|Any CPU.Build.0 = Debug|Any CPU
		{DE0DFE24-F22E-1C3B-FF22-57927635B28F}.Release|Any CPU.ActiveCfg = Release|Any CPU
		{DE0DFE24-F22E-1C3B-FF22-57927635B28F}.Release|Any CPU.Build.0 = Release|Any CPU
		{3BBFCE8D-AB9E-4808-A2CF-0D753C1AE96D}.Debug|Any CPU.ActiveCfg = Debug|Any CPU
		{3BBFCE8D-AB9E-4808-A2CF-0D753C1AE96D}.Debug|Any CPU.Build.0 = Debug|Any CPU
		{3BBFCE8D-AB9E-4808-A2CF-0D753C1AE96D}.Release|Any CPU.ActiveCfg = Release|Any CPU
		{3BBFCE8D-AB9E-4808-A2CF-0D753C1AE96D}.Release|Any CPU.Build.0 = Release|Any CPU
		{E205BEF7-AFFE-4199-A8BE-BB718CCC4CD8}.Debug|Any CPU.ActiveCfg = Debug|Any CPU
		{E205BEF7-AFFE-4199-A8BE-BB718CCC4CD8}.Debug|Any CPU.Build.0 = Debug|Any CPU
		{E205BEF7-AFFE-4199-A8BE-BB718CCC4CD8}.Release|Any CPU.ActiveCfg = Release|Any CPU
		{E205BEF7-AFFE-4199-A8BE-BB718CCC4CD8}.Release|Any CPU.Build.0 = Release|Any CPU
		{0D6EF3C4-A844-41AD-968F-1C81C81C902E}.Debug|Any CPU.ActiveCfg = Debug|Any CPU
		{0D6EF3C4-A844-41AD-968F-1C81C81C902E}.Debug|Any CPU.Build.0 = Debug|Any CPU
		{0D6EF3C4-A844-41AD-968F-1C81C81C902E}.Release|Any CPU.ActiveCfg = Release|Any CPU
		{0D6EF3C4-A844-41AD-968F-1C81C81C902E}.Release|Any CPU.Build.0 = Release|Any CPU
		{7FB39F39-4CC7-4B64-8C41-DED0B05EB853}.Debug|Any CPU.ActiveCfg = Debug|Any CPU
		{7FB39F39-4CC7-4B64-8C41-DED0B05EB853}.Debug|Any CPU.Build.0 = Debug|Any CPU
		{7FB39F39-4CC7-4B64-8C41-DED0B05EB853}.Release|Any CPU.ActiveCfg = Release|Any CPU
		{7FB39F39-4CC7-4B64-8C41-DED0B05EB853}.Release|Any CPU.Build.0 = Release|Any CPU
		{6E6B3272-7142-40D8-B701-DD6C27BD922B}.Debug|Any CPU.ActiveCfg = Debug|Any CPU
		{6E6B3272-7142-40D8-B701-DD6C27BD922B}.Debug|Any CPU.Build.0 = Debug|Any CPU
		{6E6B3272-7142-40D8-B701-DD6C27BD922B}.Release|Any CPU.ActiveCfg = Release|Any CPU
		{6E6B3272-7142-40D8-B701-DD6C27BD922B}.Release|Any CPU.Build.0 = Release|Any CPU
	EndGlobalSection
	GlobalSection(SolutionProperties) = preSolution
		HideSolutionNode = FALSE
	EndGlobalSection
	GlobalSection(NestedProjects) = preSolution
		{EC4C4FB4-8777-4140-8964-8B316B40C880} = {71982769-4E9C-42D0-8283-DC2D20F408A4}
		{2B575417-28E4-4F39-AB13-DAA74F2EAB42} = {2CCC1F98-DD66-4F90-9352-67A8FBB703DB}
		{DE0DFE24-F22E-1C3B-FF22-57927635B28F} = {2CCC1F98-DD66-4F90-9352-67A8FBB703DB}
		{3BBFCE8D-AB9E-4808-A2CF-0D753C1AE96D} = {2CCC1F98-DD66-4F90-9352-67A8FBB703DB}
		{E205BEF7-AFFE-4199-A8BE-BB718CCC4CD8} = {217828E7-9870-4571-8E08-A2E0E3A62812}
		{0D6EF3C4-A844-41AD-968F-1C81C81C902E} = {71982769-4E9C-42D0-8283-DC2D20F408A4}
		{7FB39F39-4CC7-4B64-8C41-DED0B05EB853} = {71982769-4E9C-42D0-8283-DC2D20F408A4}
		{6E6B3272-7142-40D8-B701-DD6C27BD922B} = {71982769-4E9C-42D0-8283-DC2D20F408A4}
	EndGlobalSection
	GlobalSection(ExtensibilityGlobals) = postSolution
		SolutionGuid = {68E6902C-56B9-4DB7-8EB4-E1DB4CD667BB}
	EndGlobalSection
EndGlobal
